{
  "name": "@jubewe/jsonsplitter",
  "version": "0.7.2",
  "lockfileVersion": 3,
  "requires": true,
  "packages": {
    "": {
      "name": "@jubewe/jsonsplitter",
      "version": "0.7.2",
      "license": "MPL-2.0",
      "dependencies": {
        "fs": "^0.0.1-security",
        "oberknecht-emitters": "^1.0.2",
        "oberknecht-utils": "^1.1.9",
        "regex-escape": "^3.4.10"
      },
      "devDependencies": {
        "@types/node": "^20.2.5",
        "typescript": "^5.2.0-dev.20230609"
      }
    },
    "node_modules/@types/node": {
      "version": "20.2.5",
      "resolved": "https://registry.npmjs.org/@types/node/-/node-20.2.5.tgz",
      "integrity": "sha512-JJulVEQXmiY9Px5axXHeYGLSjhkZEnD+MDPDGbCbIAbMslkKwmygtZFy1X6s/075Yo94sf8GuSlFfPzysQrWZQ=="
    },
    "node_modules/fs": {
      "version": "0.0.1-security",
      "resolved": "https://registry.npmjs.org/fs/-/fs-0.0.1-security.tgz",
      "integrity": "sha512-3XY9e1pP0CVEUCdj5BmfIZxRBTSDycnbqhIOGec9QYtmVH2fbLpj86CFWkrNOkt/Fvty4KZG5lTglL9j/gJ87w=="
    },
    "node_modules/inherits": {
      "version": "2.0.3",
      "resolved": "https://registry.npmjs.org/inherits/-/inherits-2.0.3.tgz",
      "integrity": "sha512-x00IRNXNy63jwGkJmzPigoySHbaqpNuzKbBOmzK+g2OdZpQ9w+sxCN+VSB3ja7IAge2OP2qpfxTjeNcyjmW1uw=="
    },
    "node_modules/oberknecht-emitters": {
      "version": "1.0.2",
      "resolved": "https://registry.npmjs.org/oberknecht-emitters/-/oberknecht-emitters-1.0.2.tgz",
      "integrity": "sha512-cjHip7L14tNyQITpPVJOsHKWnypK51TxNAa5LlONoM2oO2Z4HaIjE56lvdtaUgEi0GMcBctEVl2LMfHAgS4z7A==",
      "dependencies": {
        "@types/node": "^20.2.5",
        "oberknecht-utils": ">=0.0.3"
      }
    },
    "node_modules/oberknecht-utils": {
      "version": "1.1.9",
      "resolved": "https://registry.npmjs.org/oberknecht-utils/-/oberknecht-utils-1.1.9.tgz",
      "integrity": "sha512-a2yirgkoIZq1it3frktOs3jGqr2TufVMjhTXYHo5PsBNZPKqpCWIM2EfO7QeEosiLKFmrEvUh7z4Jcv3w6ZjUw==",
      "dependencies": {
        "path": "^0.12.7"
      }
    },
    "node_modules/path": {
      "version": "0.12.7",
      "resolved": "https://registry.npmjs.org/path/-/path-0.12.7.tgz",
      "integrity": "sha512-aXXC6s+1w7otVF9UletFkFcDsJeO7lSZBPUQhtb5O0xJe8LtYhj/GxldoL09bBj9+ZmE2hNoHqQSFMN5fikh4Q==",
      "dependencies": {
        "process": "^0.11.1",
        "util": "^0.10.3"
      }
    },
    "node_modules/process": {
      "version": "0.11.10",
      "resolved": "https://registry.npmjs.org/process/-/process-0.11.10.tgz",
      "integrity": "sha512-cdGef/drWFoydD1JsMzuFf8100nZl+GT+yacc2bEced5f9Rjk4z+WtFUTBu9PhOi9j/jfmBPu0mMEY4wIdAF8A==",
      "engines": {
        "node": ">= 0.6.0"
      }
    },
    "node_modules/regex-escape": {
      "version": "3.4.10",
      "resolved": "https://registry.npmjs.org/regex-escape/-/regex-escape-3.4.10.tgz",
      "integrity": "sha512-qEqf7uzW+iYcKNLMDFnMkghhQBnGdivT6KqVQyKsyjSWnoFyooXVnxrw9dtv3AFLnD6VBGXxtZGAQNFGFTnCqA=="
    },
    "node_modules/typescript": {
      "version": "5.2.0-dev.20230609",
      "resolved": "https://registry.npmjs.org/typescript/-/typescript-5.2.0-dev.20230609.tgz",
      "integrity": "sha512-K2ANmDIAXPbor3BkY3Fg8eQAeZwvXNWtrtP280muI0V2S9WRaw/EYgDC08dectU5OUQJ8AvEqEYnRN9Hg4zeEw==",
      "dev": true,
      "bin": {
        "tsc": "bin/tsc",
        "tsserver": "bin/tsserver"
      },
      "engines": {
        "node": ">=14.17"
      }
    },
    "node_modules/util": {
      "version": "0.10.4",
      "resolved": "https://registry.npmjs.org/util/-/util-0.10.4.tgz",
      "integrity": "sha512-0Pm9hTQ3se5ll1XihRic3FDIku70C+iHUdT/W926rSgHV5QgXsYbKZN8MSC3tJtSkhuROzvsQjAaFENRXr+19A==",
      "dependencies": {
        "inherits": "2.0.3"
      }
    }
  }
}
