{
  "name": "@jubewe/jsonsplitter",
  "version": "0.1.5",
  "lockfileVersion": 3,
  "requires": true,
  "packages": {
    "": {
      "name": "@jubewe/jsonsplitter",
      "version": "0.1.5",
      "license": "MPL-2.0",
      "dependencies": {
        "fs": "^0.0.1-security",
        "oberknecht-emitters": "^0.0.2"
      }
    },
    "node_modules/fs": {
      "version": "0.0.1-security",
      "resolved": "https://registry.npmjs.org/fs/-/fs-0.0.1-security.tgz",
      "integrity": "sha512-3XY9e1pP0CVEUCdj5BmfIZxRBTSDycnbqhIOGec9QYtmVH2fbLpj86CFWkrNOkt/Fvty4KZG5lTglL9j/gJ87w=="
    },
    "node_modules/oberknecht-emitters": {
      "version": "0.0.2",
      "resolved": "https://registry.npmjs.org/oberknecht-emitters/-/oberknecht-emitters-0.0.2.tgz",
      "integrity": "sha512-5MAxx/U6kyx/CaQS9of7tbt09gQgRo8qLnuye2JD3UEXbSxCML+x3vJSuuiqR1BUR9LrYFgWSDCVOFG5w1oveg==",
      "dependencies": {
        "oberknecht-utils": "^0.0.1"
      }
    },
    "node_modules/oberknecht-utils": {
      "version": "0.0.1",
      "resolved": "https://registry.npmjs.org/oberknecht-utils/-/oberknecht-utils-0.0.1.tgz",
      "integrity": "sha512-AnohvKZ0QUERKjDBkZS00FrrfAQaXDDrb0OxfwpRBq8aCkQZbqH1JWKhcHGIOrfuboSWvS81sOGWF3LFF08cBA=="
    }
  }
}
